
Microsoft Visual Studio Solution File, Format Version 12.00
# Visual Studio Version 16
VisualStudioVersion = 16.0.30523.141
MinimumVisualStudioVersion = 10.0.40219.1
Project("{FAE04EC0-301F-11D3-BF4B-00C04F79EFBC}") = "tema1_moore", "tema1_moore\tema1_moore.csproj", "{ACE38FEA-6643-4BA2-A162-4092C64E2B26}"
EndProject
Global
	GlobalSection(SolutionConfigurationPlatforms) = preSolution
		Debug|Any CPU = Debug|Any CPU
		Release|Any CPU = Release|Any CPU
	EndGlobalSection
	GlobalSection(ProjectConfigurationPlatforms) = postSolution
		{ACE38FEA-6643-4BA2-A162-4092C64E2B26}.Debug|Any CPU.ActiveCfg = Debug|Any CPU
		{ACE38FEA-6643-4BA2-A162-4092C64E2B26}.Debug|Any CPU.Build.0 = Debug|Any CPU
		{ACE38FEA-6643-4BA2-A162-4092C64E2B26}.Release|Any CPU.ActiveCfg = Release|Any CPU
		{ACE38FEA-6643-4BA2-A162-4092C64E2B26}.Release|Any CPU.Build.0 = Release|Any CPU
	EndGlobalSection
	GlobalSection(SolutionProperties) = preSolution
		HideSolutionNode = FALSE
	EndGlobalSection
	GlobalSection(ExtensibilityGlobals) = postSolution
		SolutionGuid = {622AE9BE-C0A4-4A82-8248-3A1D283BB154}
	EndGlobalSection
EndGlobal
